
Microsoft Visual Studio Solution File, Format Version 12.00
# Visual Studio Version 17
VisualStudioVersion = 17.7.34031.279
MinimumVisualStudioVersion = 10.0.40219.1
Project("{FAE04EC0-301F-11D3-BF4B-00C04F79EFBC}") = "API", "API.csproj", "{F4AE5E1A-97EF-4234-8EF5-84C4C483BAE1}"
EndProject
Global
	GlobalSection(SolutionConfigurationPlatforms) = preSolution
		Debug|Any CPU = Debug|Any CPU
		Release|Any CPU = Release|Any CPU
	EndGlobalSection
	GlobalSection(ProjectConfigurationPlatforms) = postSolution
		{F4AE5E1A-97EF-4234-8EF5-84C4C483BAE1}.Debug|Any CPU.ActiveCfg = Debug|Any CPU
		{F4AE5E1A-97EF-4234-8EF5-84C4C483BAE1}.Debug|Any CPU.Build.0 = Debug|Any CPU
		{F4AE5E1A-97EF-4234-8EF5-84C4C483BAE1}.Release|Any CPU.ActiveCfg = Release|Any CPU
		{F4AE5E1A-97EF-4234-8EF5-84C4C483BAE1}.Release|Any CPU.Build.0 = Release|Any CPU
	EndGlobalSection
	GlobalSection(SolutionProperties) = preSolution
		HideSolutionNode = FALSE
	EndGlobalSection
	GlobalSection(ExtensibilityGlobals) = postSolution
		SolutionGuid = {B29A4EC5-B1AB-4916-BB30-F2256E496F3B}
	EndGlobalSection
EndGlobal
